<?xml version="1.0" encoding="utf-8"?>
<Project ToolsVersion="4.0" xmlns="http://schemas.microsoft.com/developer/msbuild/2003">
  <ItemGroup>
    <Filter Include="Source Files">
      <UniqueIdentifier>{c5d7e36e-2c7a-49d4-b168-2a0c91491392}</UniqueIdentifier>
      <Extensions>cpp;c;cxx;rc;def;r;odl;idl;hpj;bat</Extensions>
    </Filter>
    <Filter Include="Header Files">
      <UniqueIdentifier>{b82e1d35-0ba4-4b38-93af-f42b2caeff19}</UniqueIdentifier>
      <Extensions>h;hpp;hxx;hm;inl</Extensions>
    </Filter>
    <Filter Include="Resource Files">
      <UniqueIdentifier>{91837dc0-9efd-4897-8527-97e2b5d6fd9b}</UniqueIdentifier>
      <Extensions>ico;cur;bmp;dlg;rc2;rct;bin;rgs;gif;jpg;jpeg;jpe</Extensions>
    </Filter>
    <Filter Include="Help">
      <UniqueIdentifier>{3dc87c6b-95f2-40d5-a57b-f18376662e4e}</UniqueIdentifier>
      <Extensions>rtf,bmp</Extensions>
    </Filter>
  </ItemGroup>
  <ItemGroup>
    <ClCompile Include="AcceptDlg.cpp">
      <Filter>Source Files</Filter>
    </ClCompile>
    <ClCompile Include="ChessBoard.cpp">
      <Filter>Source Files</Filter>
    </ClCompile>
    <ClCompile Include="ClientSocket.cpp">
      <Filter>Source Files</Filter>
    </ClCompile>
    <ClCompile Include="CommentDlg.cpp">
      <Filter>Source Files</Filter>
    </ClCompile>
    <ClCompile Include="ConvertDlg.cpp">
      <Filter>Source Files</Filter>
    </ClCompile>
    <ClCompile Include="DemoIntervalDlg.cpp">
      <Filter>Source Files</Filter>
    </ClCompile>
    <ClCompile Include="Engine.cpp">
      <Filter>Source Files</Filter>
    </ClCompile>
    <ClCompile Include="EngineConfigDlg.cpp">
      <Filter>Source Files</Filter>
    </ClCompile>
    <ClCompile Include="EngineLevelDlg.cpp">
      <Filter>Source Files</Filter>
    </ClCompile>
    <ClCompile Include="EngineLogDlg.cpp">
      <Filter>Source Files</Filter>
    </ClCompile>
    <ClCompile Include="EnterMoveDlg.cpp">
      <Filter>Source Files</Filter>
    </ClCompile>
    <ClCompile Include="GameStateDlg.cpp">
      <Filter>Source Files</Filter>
    </ClCompile>
    <ClCompile Include="GameStateInfoDlg.cpp">
      <Filter>Source Files</Filter>
    </ClCompile>
    <ClCompile Include="GoToMoveHistoryDlg.cpp">
      <Filter>Source Files</Filter>
    </ClCompile>
    <ClCompile Include="GoToPGNGameDlg.cpp">
      <Filter>Source Files</Filter>
    </ClCompile>
    <ClCompile Include="GroupButton.cpp">
      <Filter>Source Files</Filter>
    </ClCompile>
    <ClCompile Include="History.cpp">
      <Filter>Source Files</Filter>
    </ClCompile>
    <ClCompile Include="HistoryDlg.cpp">
      <Filter>Source Files</Filter>
    </ClCompile>
    <ClCompile Include="HowToPlayDlg.cpp">
      <Filter>Source Files</Filter>
    </ClCompile>
    <ClCompile Include="ICSClient.cpp">
      <Filter>Source Files</Filter>
    </ClCompile>
    <ClCompile Include="ICSConfigureDlg.cpp">
      <Filter>Source Files</Filter>
    </ClCompile>
    <ClCompile Include="ICSMessageChatDlg.cpp">
      <Filter>Source Files</Filter>
    </ClCompile>
    <ClCompile Include="ICSPlayersListDlg.cpp">
      <Filter>Source Files</Filter>
    </ClCompile>
    <ClCompile Include="ICSWindowDlg.cpp">
      <Filter>Source Files</Filter>
    </ClCompile>
    <ClCompile Include="LostPieceDlg.cpp">
      <Filter>Source Files</Filter>
    </ClCompile>
    <ClCompile Include="MailFromDlg.cpp">
      <Filter>Source Files</Filter>
    </ClCompile>
    <ClCompile Include="MailToDlg.cpp">
      <Filter>Source Files</Filter>
    </ClCompile>
    <ClCompile Include="MainFrm.cpp">
      <Filter>Source Files</Filter>
    </ClCompile>
    <ClCompile Include="MessageSend.cpp">
      <Filter>Source Files</Filter>
    </ClCompile>
    <ClCompile Include="MyColorDialog.cpp">
      <Filter>Source Files</Filter>
    </ClCompile>
    <ClCompile Include="MyColorEdit.cpp">
      <Filter>Source Files</Filter>
    </ClCompile>
    <ClCompile Include="NetChess.cpp">
      <Filter>Source Files</Filter>
    </ClCompile>
    <ClCompile Include="NetChessDoc.cpp">
      <Filter>Source Files</Filter>
    </ClCompile>
    <ClCompile Include="NetChessLogDlg.cpp">
      <Filter>Source Files</Filter>
    </ClCompile>
    <ClCompile Include="NetChessView.cpp">
      <Filter>Source Files</Filter>
    </ClCompile>
    <ClCompile Include="ObserversDlg.cpp">
      <Filter>Source Files</Filter>
    </ClCompile>
    <ClCompile Include="Options.cpp">
      <Filter>Source Files</Filter>
    </ClCompile>
    <ClCompile Include="PGNDlg.cpp">
      <Filter>Source Files</Filter>
    </ClCompile>
    <ClCompile Include="PGNGameInfoDlg.cpp">
      <Filter>Source Files</Filter>
    </ClCompile>
    <ClCompile Include="PickPieceDlg.cpp">
      <Filter>Source Files</Filter>
    </ClCompile>
    <ClCompile Include="PropertiesDlg.cpp">
      <Filter>Source Files</Filter>
    </ClCompile>
    <ClCompile Include="SeekListDlg.cpp">
      <Filter>Source Files</Filter>
    </ClCompile>
    <ClCompile Include="ServerInfoDlg.cpp">
      <Filter>Source Files</Filter>
    </ClCompile>
    <ClCompile Include="ServerSocket.cpp">
      <Filter>Source Files</Filter>
    </ClCompile>
    <ClCompile Include="StdAfx.cpp">
      <Filter>Source Files</Filter>
    </ClCompile>
    <ClCompile Include="TimeControlDlg.cpp">
      <Filter>Source Files</Filter>
    </ClCompile>
    <ClCompile Include="UCIEngineOptions.cpp">
      <Filter>Source Files</Filter>
    </ClCompile>
    <ClCompile Include="ViewImage.cpp">
      <Filter>Source Files</Filter>
    </ClCompile>
  </ItemGroup>
  <ItemGroup>
    <None Include="Makehelp.bat">
      <Filter>Source Files</Filter>
    </None>
    <None Include="hlp\NetChess.hm">
      <Filter>Header Files</Filter>
    </None>
    <None Include="res\NetChess.rc2">
      <Filter>Resource Files</Filter>
    </None>
    <None Include="hlp\AfxCore.rtf">
      <Filter>Help</Filter>
    </None>
    <None Include="hlp\AfxPrint.rtf">
      <Filter>Help</Filter>
    </None>
    <None Include="hlp\NetChess.ph">
      <Filter>Help</Filter>
    </None>
    <None Include="NetChess.ini" />
  </ItemGroup>
  <ItemGroup>
    <ResourceCompile Include="NetChess.rc">
      <Filter>Source Files</Filter>
    </ResourceCompile>
  </ItemGroup>
  <ItemGroup>
    <ClInclude Include="AcceptDlg.h">
      <Filter>Header Files</Filter>
    </ClInclude>
    <ClInclude Include="ChessBoard.h">
      <Filter>Header Files</Filter>
    </ClInclude>
    <ClInclude Include="ClientSocket.h">
      <Filter>Header Files</Filter>
    </ClInclude>
    <ClInclude Include="CommentDlg.h">
      <Filter>Header Files</Filter>
    </ClInclude>
    <ClInclude Include="ConvertDlg.h">
      <Filter>Header Files</Filter>
    </ClInclude>
    <ClInclude Include="DemoIntervalDlg.h">
      <Filter>Header Files</Filter>
    </ClInclude>
    <ClInclude Include="Engine.h">
      <Filter>Header Files</Filter>
    </ClInclude>
    <ClInclude Include="EngineConfigDlg.h">
      <Filter>Header Files</Filter>
    </ClInclude>
    <ClInclude Include="EngineLevelDlg.h">
      <Filter>Header Files</Filter>
    </ClInclude>
    <ClInclude Include="EngineLogDlg.h">
      <Filter>Header Files</Filter>
    </ClInclude>
    <ClInclude Include="GameStateDlg.h">
      <Filter>Header Files</Filter>
    </ClInclude>
    <ClInclude Include="GameStateInfoDlg.h">
      <Filter>Header Files</Filter>
    </ClInclude>
    <ClInclude Include="GoToMoveHistoryDlg.h">
      <Filter>Header Files</Filter>
    </ClInclude>
    <ClInclude Include="GoToPGNGameDlg.h">
      <Filter>Header Files</Filter>
    </ClInclude>
    <ClInclude Include="History.h">
      <Filter>Header Files</Filter>
    </ClInclude>
    <ClInclude Include="HistoryDlg.h">
      <Filter>Header Files</Filter>
    </ClInclude>
    <ClInclude Include="HowToPlayDlg.h">
      <Filter>Header Files</Filter>
    </ClInclude>
    <ClInclude Include="LostPieceDlg.h">
      <Filter>Header Files</Filter>
    </ClInclude>
    <ClInclude Include="MainFrm.h">
      <Filter>Header Files</Filter>
    </ClInclude>
    <ClInclude Include="MessageSend.h">
      <Filter>Header Files</Filter>
    </ClInclude>
    <ClInclude Include="MyColorDialog.h">
      <Filter>Header Files</Filter>
    </ClInclude>
    <ClInclude Include="MyColorEdit.h">
      <Filter>Header Files</Filter>
    </ClInclude>
    <ClInclude Include="NetChess.h">
      <Filter>Header Files</Filter>
    </ClInclude>
    <ClInclude Include="NetChessDoc.h">
      <Filter>Header Files</Filter>
    </ClInclude>
    <ClInclude Include="NetChessLogDlg.h">
      <Filter>Header Files</Filter>
    </ClInclude>
    <ClInclude Include="NetChessView.h">
      <Filter>Header Files</Filter>
    </ClInclude>
    <ClInclude Include="ObserversDlg.h">
      <Filter>Header Files</Filter>
    </ClInclude>
    <ClInclude Include="Options.h">
      <Filter>Header Files</Filter>
    </ClInclude>
    <ClInclude Include="PGNDlg.h">
      <Filter>Header Files</Filter>
    </ClInclude>
    <ClInclude Include="PGNGameInfoDlg.h">
      <Filter>Header Files</Filter>
    </ClInclude>
    <ClInclude Include="PickPieceDlg.h">
      <Filter>Header Files</Filter>
    </ClInclude>
    <ClInclude Include="PropertiesDlg.h">
      <Filter>Header Files</Filter>
    </ClInclude>
    <ClInclude Include="Resource.h">
      <Filter>Header Files</Filter>
    </ClInclude>
    <ClInclude Include="ServerInfoDlg.h">
      <Filter>Header Files</Filter>
    </ClInclude>
    <ClInclude Include="ServerSocket.h">
      <Filter>Header Files</Filter>
    </ClInclude>
    <ClInclude Include="StdAfx.h">
      <Filter>Header Files</Filter>
    </ClInclude>
    <ClInclude Include="UCIEngineOptions.h">
      <Filter>Header Files</Filter>
    </ClInclude>
    <ClInclude Include="ViewImage.h">
      <Filter>Header Files</Filter>
    </ClInclude>
  </ItemGroup>
  <ItemGroup>
    <Image Include="res\base.bmp">
      <Filter>Resource Files</Filter>
    </Image>
    <Image Include="res\base2.bmp">
      <Filter>Resource Files</Filter>
    </Image>
    <Image Include="res\base3.bmp">
      <Filter>Resource Files</Filter>
    </Image>
    <Image Include="res\BISHOP.BMP">
      <Filter>Resource Files</Filter>
    </Image>
    <Image Include="res\BISHOPO.BMP">
      <Filter>Resource Files</Filter>
    </Image>
    <Image Include="res\icon1.ico">
      <Filter>Resource Files</Filter>
    </Image>
    <Image Include="res\KING.BMP">
      <Filter>Resource Files</Filter>
    </Image>
    <Image Include="res\KINGO.BMP">
      <Filter>Resource Files</Filter>
    </Image>
    <Image Include="res\KNIGHT.BMP">
      <Filter>Resource Files</Filter>
    </Image>
    <Image Include="res\KNIGHTO.BMP">
      <Filter>Resource Files</Filter>
    </Image>
    <Image Include="res\LDAPExplorer.ico">
      <Filter>Resource Files</Filter>
    </Image>
    <Image Include="res\mainfram.bmp">
      <Filter>Resource Files</Filter>
    </Image>
    <Image Include="res\mainfram_extended.bmp">
      <Filter>Resource Files</Filter>
    </Image>
    <Image Include="res\NetChess.ico">
      <Filter>Resource Files</Filter>
    </Image>
    <Image Include="res\NetChessDoc.ico">
      <Filter>Resource Files</Filter>
    </Image>
    <Image Include="res\PAWN.BMP">
      <Filter>Resource Files</Filter>
    </Image>
    <Image Include="res\PAWNO.BMP">
      <Filter>Resource Files</Filter>
    </Image>
    <Image Include="res\QUEEN.BMP">
      <Filter>Resource Files</Filter>
    </Image>
    <Image Include="res\QUEENO.BMP">
      <Filter>Resource Files</Filter>
    </Image>
    <Image Include="res\ROOK.BMP">
      <Filter>Resource Files</Filter>
    </Image>
    <Image Include="res\ROOKO.BMP">
      <Filter>Resource Files</Filter>
    </Image>
    <Image Include="hlp\AppExit.bmp">
      <Filter>Help</Filter>
    </Image>
    <Image Include="hlp\Bullet.bmp">
      <Filter>Help</Filter>
    </Image>
    <Image Include="hlp\CurArw2.bmp">
      <Filter>Help</Filter>
    </Image>
    <Image Include="hlp\CurArw4.bmp">
      <Filter>Help</Filter>
    </Image>
    <Image Include="hlp\CurHelp.bmp">
      <Filter>Help</Filter>
    </Image>
    <Image Include="hlp\EditCopy.bmp">
      <Filter>Help</Filter>
    </Image>
    <Image Include="hlp\EditCut.bmp">
      <Filter>Help</Filter>
    </Image>
    <Image Include="hlp\EditPast.bmp">
      <Filter>Help</Filter>
    </Image>
    <Image Include="hlp\EditUndo.bmp">
      <Filter>Help</Filter>
    </Image>
    <Image Include="hlp\FileNew.bmp">
      <Filter>Help</Filter>
    </Image>
    <Image Include="hlp\FileOpen.bmp">
      <Filter>Help</Filter>
    </Image>
    <Image Include="hlp\FilePrnt.bmp">
      <Filter>Help</Filter>
    </Image>
    <Image Include="hlp\FileSave.bmp">
      <Filter>Help</Filter>
    </Image>
    <Image Include="hlp\HlpSBar.bmp">
      <Filter>Help</Filter>
    </Image>
    <Image Include="hlp\HlpTBar.bmp">
      <Filter>Help</Filter>
    </Image>
    <Image Include="hlp\RecFirst.bmp">
      <Filter>Help</Filter>
    </Image>
    <Image Include="hlp\RecLast.bmp">
      <Filter>Help</Filter>
    </Image>
    <Image Include="hlp\RecNext.bmp">
      <Filter>Help</Filter>
    </Image>
    <Image Include="hlp\RecPrev.bmp">
      <Filter>Help</Filter>
    </Image>
    <Image Include="hlp\Scmax.bmp">
      <Filter>Help</Filter>
    </Image>
    <Image Include="hlp\ScMenu.bmp">
      <Filter>Help</Filter>
    </Image>
    <Image Include="hlp\Scmin.bmp">
      <Filter>Help</Filter>
    </Image>
    <Image Include="res\Toolbar.bmp">
      <Filter>Help</Filter>
    </Image>
    <Image Include="res\base4.bmp">
      <Filter>Resource Files</Filter>
    </Image>
  </ItemGroup>
  <ItemGroup>
    <Text Include="ReadMe.txt" />
  </ItemGroup>
  <ItemGroup>
    <CustomBuild Include="hlp\NetChess.cnt" />
  </ItemGroup>
</Project>